
Microsoft Visual Studio Solution File, Format Version 12.00
# Visual Studio Version 17
VisualStudioVersion = 17.9.34607.119
MinimumVisualStudioVersion = 10.0.40219.1
Project("{FAE04EC0-301F-11D3-BF4B-00C04F79EFBC}") = "Person_DataAndriod", "Person_DataAndriod.csproj", "{43D5AFFF-D48F-4B77-9057-0142DEBC3973}"
EndProject
Global
	GlobalSection(SolutionConfigurationPlatforms) = preSolution
		Debug|Any CPU = Debug|Any CPU
		Release|Any CPU = Release|Any CPU
	EndGlobalSection
	GlobalSection(ProjectConfigurationPlatforms) = postSolution
		{43D5AFFF-D48F-4B77-9057-0142DEBC3973}.Debug|Any CPU.ActiveCfg = Debug|Any CPU
		{43D5AFFF-D48F-4B77-9057-0142DEBC3973}.Debug|Any CPU.Build.0 = Debug|Any CPU
		{43D5AFFF-D48F-4B77-9057-0142DEBC3973}.Debug|Any CPU.Deploy.0 = Debug|Any CPU
		{43D5AFFF-D48F-4B77-9057-0142DEBC3973}.Release|Any CPU.ActiveCfg = Release|Any CPU
		{43D5AFFF-D48F-4B77-9057-0142DEBC3973}.Release|Any CPU.Build.0 = Release|Any CPU
		{43D5AFFF-D48F-4B77-9057-0142DEBC3973}.Release|Any CPU.Deploy.0 = Release|Any CPU
	EndGlobalSection
	GlobalSection(SolutionProperties) = preSolution
		HideSolutionNode = FALSE
	EndGlobalSection
	GlobalSection(ExtensibilityGlobals) = postSolution
		SolutionGuid = {7EFEE03C-67D3-4D66-9DE8-7F5E1E78FE6E}
	EndGlobalSection
EndGlobal
